
Microsoft Visual Studio Solution File, Format Version 12.00
# Visual Studio 15
VisualStudioVersion = 15.0.28010.2046
MinimumVisualStudioVersion = 10.0.40219.1
Project("{8BC9CEB8-8B4A-11D0-8D11-00A0C91BC942}") = "P1_HalloWelt", "HalloWelt\HalloWelt.vcxproj", "{D341A25F-2C18-4045-94B2-39C14B2EDE40}"
EndProject
Project("{8BC9CEB8-8B4A-11D0-8D11-00A0C91BC942}") = "01-01", "..\01-01\01-01.vcxproj", "{283EA7B0-6442-4720-930C-0D9BE3B5EED7}"
EndProject
Project("{8BC9CEB8-8B4A-11D0-8D11-00A0C91BC942}") = "P2.1", "..\Praktikum 2\P2.1\P2.1.vcxproj", "{0C974E64-411E-48F3-88A4-63D6500EC4DD}"
EndProject
Project("{8BC9CEB8-8B4A-11D0-8D11-00A0C91BC942}") = "P2.2", "..\Praktikum 2\P2.2\P2.2.vcxproj", "{92A6AD4F-17E4-49E3-A15A-CFCF602D5CC9}"
EndProject
Project("{8BC9CEB8-8B4A-11D0-8D11-00A0C91BC942}") = "P2.3", "..\Praktikum 2\P2.3\P2.3.vcxproj", "{A5C71C92-EF63-424C-9B68-E3D1A0D70656}"
EndProject
Project("{8BC9CEB8-8B4A-11D0-8D11-00A0C91BC942}") = "P2.4", "..\Praktikum 2\P2.4\P2.4.vcxproj", "{EE212367-34CE-4559-99F7-41178CC34BB0}"
EndProject
Project("{8BC9CEB8-8B4A-11D0-8D11-00A0C91BC942}") = "P2.5", "..\Praktikum 2\P2.5\P2.5.vcxproj", "{384F4D33-51AD-4C55-B4EA-3787F58D846D}"
EndProject
Global
	GlobalSection(SolutionConfigurationPlatforms) = preSolution
		Debug|x64 = Debug|x64
		Debug|x86 = Debug|x86
		Release|x64 = Release|x64
		Release|x86 = Release|x86
	EndGlobalSection
	GlobalSection(ProjectConfigurationPlatforms) = postSolution
		{D341A25F-2C18-4045-94B2-39C14B2EDE40}.Debug|x64.ActiveCfg = Debug|x64
		{D341A25F-2C18-4045-94B2-39C14B2EDE40}.Debug|x64.Build.0 = Debug|x64
		{D341A25F-2C18-4045-94B2-39C14B2EDE40}.Debug|x86.ActiveCfg = Debug|Win32
		{D341A25F-2C18-4045-94B2-39C14B2EDE40}.Debug|x86.Build.0 = Debug|Win32
		{D341A25F-2C18-4045-94B2-39C14B2EDE40}.Release|x64.ActiveCfg = Release|x64
		{D341A25F-2C18-4045-94B2-39C14B2EDE40}.Release|x64.Build.0 = Release|x64
		{D341A25F-2C18-4045-94B2-39C14B2EDE40}.Release|x86.ActiveCfg = Release|Win32
		{D341A25F-2C18-4045-94B2-39C14B2EDE40}.Release|x86.Build.0 = Release|Win32
		{283EA7B0-6442-4720-930C-0D9BE3B5EED7}.Debug|x64.ActiveCfg = Debug|x64
		{283EA7B0-6442-4720-930C-0D9BE3B5EED7}.Debug|x64.Build.0 = Debug|x64
		{283EA7B0-6442-4720-930C-0D9BE3B5EED7}.Debug|x86.ActiveCfg = Debug|Win32
		{283EA7B0-6442-4720-930C-0D9BE3B5EED7}.Debug|x86.Build.0 = Debug|Win32
		{283EA7B0-6442-4720-930C-0D9BE3B5EED7}.Release|x64.ActiveCfg = Release|x64
		{283EA7B0-6442-4720-930C-0D9BE3B5EED7}.Release|x64.Build.0 = Release|x64
		{283EA7B0-6442-4720-930C-0D9BE3B5EED7}.Release|x86.ActiveCfg = Release|Win32
		{283EA7B0-6442-4720-930C-0D9BE3B5EED7}.Release|x86.Build.0 = Release|Win32
		{0C974E64-411E-48F3-88A4-63D6500EC4DD}.Debug|x64.ActiveCfg = Debug|x64
		{0C974E64-411E-48F3-88A4-63D6500EC4DD}.Debug|x64.Build.0 = Debug|x64
		{0C974E64-411E-48F3-88A4-63D6500EC4DD}.Debug|x86.ActiveCfg = Debug|Win32
		{0C974E64-411E-48F3-88A4-63D6500EC4DD}.Debug|x86.Build.0 = Debug|Win32
		{0C974E64-411E-48F3-88A4-63D6500EC4DD}.Release|x64.ActiveCfg = Release|x64
		{0C974E64-411E-48F3-88A4-63D6500EC4DD}.Release|x64.Build.0 = Release|x64
		{0C974E64-411E-48F3-88A4-63D6500EC4DD}.Release|x86.ActiveCfg = Release|Win32
		{0C974E64-411E-48F3-88A4-63D6500EC4DD}.Release|x86.Build.0 = Release|Win32
		{92A6AD4F-17E4-49E3-A15A-CFCF602D5CC9}.Debug|x64.ActiveCfg = Debug|x64
		{92A6AD4F-17E4-49E3-A15A-CFCF602D5CC9}.Debug|x64.Build.0 = Debug|x64
		{92A6AD4F-17E4-49E3-A15A-CFCF602D5CC9}.Debug|x86.ActiveCfg = Debug|Win32
		{92A6AD4F-17E4-49E3-A15A-CFCF602D5CC9}.Debug|x86.Build.0 = Debug|Win32
		{92A6AD4F-17E4-49E3-A15A-CFCF602D5CC9}.Release|x64.ActiveCfg = Release|x64
		{92A6AD4F-17E4-49E3-A15A-CFCF602D5CC9}.Release|x64.Build.0 = Release|x64
		{92A6AD4F-17E4-49E3-A15A-CFCF602D5CC9}.Release|x86.ActiveCfg = Release|Win32
		{92A6AD4F-17E4-49E3-A15A-CFCF602D5CC9}.Release|x86.Build.0 = Release|Win32
		{A5C71C92-EF63-424C-9B68-E3D1A0D70656}.Debug|x64.ActiveCfg = Debug|x64
		{A5C71C92-EF63-424C-9B68-E3D1A0D70656}.Debug|x64.Build.0 = Debug|x64
		{A5C71C92-EF63-424C-9B68-E3D1A0D70656}.Debug|x86.ActiveCfg = Debug|Win32
		{A5C71C92-EF63-424C-9B68-E3D1A0D70656}.Debug|x86.Build.0 = Debug|Win32
		{A5C71C92-EF63-424C-9B68-E3D1A0D70656}.Release|x64.ActiveCfg = Release|x64
		{A5C71C92-EF63-424C-9B68-E3D1A0D70656}.Release|x64.Build.0 = Release|x64
		{A5C71C92-EF63-424C-9B68-E3D1A0D70656}.Release|x86.ActiveCfg = Release|Win32
		{A5C71C92-EF63-424C-9B68-E3D1A0D70656}.Release|x86.Build.0 = Release|Win32
		{EE212367-34CE-4559-99F7-41178CC34BB0}.Debug|x64.ActiveCfg = Debug|x64
		{EE212367-34CE-4559-99F7-41178CC34BB0}.Debug|x64.Build.0 = Debug|x64
		{EE212367-34CE-4559-99F7-41178CC34BB0}.Debug|x86.ActiveCfg = Debug|Win32
		{EE212367-34CE-4559-99F7-41178CC34BB0}.Debug|x86.Build.0 = Debug|Win32
		{EE212367-34CE-4559-99F7-41178CC34BB0}.Release|x64.ActiveCfg = Release|x64
		{EE212367-34CE-4559-99F7-41178CC34BB0}.Release|x64.Build.0 = Release|x64
		{EE212367-34CE-4559-99F7-41178CC34BB0}.Release|x86.ActiveCfg = Release|Win32
		{EE212367-34CE-4559-99F7-41178CC34BB0}.Release|x86.Build.0 = Release|Win32
		{384F4D33-51AD-4C55-B4EA-3787F58D846D}.Debug|x64.ActiveCfg = Debug|x64
		{384F4D33-51AD-4C55-B4EA-3787F58D846D}.Debug|x64.Build.0 = Debug|x64
		{384F4D33-51AD-4C55-B4EA-3787F58D846D}.Debug|x86.ActiveCfg = Debug|Win32
		{384F4D33-51AD-4C55-B4EA-3787F58D846D}.Debug|x86.Build.0 = Debug|Win32
		{384F4D33-51AD-4C55-B4EA-3787F58D846D}.Release|x64.ActiveCfg = Release|x64
		{384F4D33-51AD-4C55-B4EA-3787F58D846D}.Release|x64.Build.0 = Release|x64
		{384F4D33-51AD-4C55-B4EA-3787F58D846D}.Release|x86.ActiveCfg = Release|Win32
		{384F4D33-51AD-4C55-B4EA-3787F58D846D}.Release|x86.Build.0 = Release|Win32
	EndGlobalSection
	GlobalSection(SolutionProperties) = preSolution
		HideSolutionNode = FALSE
	EndGlobalSection
	GlobalSection(ExtensibilityGlobals) = postSolution
		SolutionGuid = {2BF3907C-E70E-49D2-93A9-63B57EDAE1CA}
	EndGlobalSection
EndGlobal
