
Microsoft Visual Studio Solution File, Format Version 12.00
# Visual Studio 15
VisualStudioVersion = 15.0.28010.2046
MinimumVisualStudioVersion = 10.0.40219.1
Project("{8BC9CEB8-8B4A-11D0-8D11-00A0C91BC942}") = "PO2.1", "PO2.1\PO2.1.vcxproj", "{BFDA627A-DF12-4F56-9FC7-69678A039EA3}"
EndProject
Project("{8BC9CEB8-8B4A-11D0-8D11-00A0C91BC942}") = "PO2.2", "PO2.2\PO2.2.vcxproj", "{7DA9ED2A-473B-4BD3-AB7D-37CDFF608E9B}"
EndProject
Project("{8BC9CEB8-8B4A-11D0-8D11-00A0C91BC942}") = "O2.4", "O2.4\O2.4.vcxproj", "{CCB584A6-6860-4585-A88A-F72C21072917}"
EndProject
Project("{8BC9CEB8-8B4A-11D0-8D11-00A0C91BC942}") = "PO3.1", "PO3.1\PO3.1.vcxproj", "{6DC249D8-3F33-4942-85D8-56C197CFE1AB}"
EndProject
Project("{8BC9CEB8-8B4A-11D0-8D11-00A0C91BC942}") = "PO4.5", "PO4.5\PO4.5.vcxproj", "{673DFEC8-B5CC-4543-A535-2AD33B6BF07A}"
EndProject
Project("{8BC9CEB8-8B4A-11D0-8D11-00A0C91BC942}") = "PO4.10", "PO4.10\PO4.10.vcxproj", "{908FE344-878B-46B1-A0C3-EA0444B9BA14}"
EndProject
Project("{8BC9CEB8-8B4A-11D0-8D11-00A0C91BC942}") = "PO5.9", "P05.9\P05.9.vcxproj", "{3B64681A-6E89-4EBF-AD0A-5E4FC2A2DFEA}"
EndProject
Project("{8BC9CEB8-8B4A-11D0-8D11-00A0C91BC942}") = "PO4.12", "PO4.12\PO4.12.vcxproj", "{87FB8D3D-E852-418F-84B8-FB536B62D511}"
EndProject
Project("{8BC9CEB8-8B4A-11D0-8D11-00A0C91BC942}") = "PO5.5", "PO5.5\PO5.5.vcxproj", "{EE5D0D57-23FD-4127-83F5-13CA17291ABC}"
EndProject
Project("{8BC9CEB8-8B4A-11D0-8D11-00A0C91BC942}") = "O2.3", "O2.3\O2.3.vcxproj", "{58A26E47-EBBF-4712-B99B-2A6703D84A18}"
EndProject
Project("{8BC9CEB8-8B4A-11D0-8D11-00A0C91BC942}") = "O2.5", "O2.5\O2.5.vcxproj", "{C3400A1D-2FB1-4E65-A5E5-7DF7FF2A033C}"
EndProject
Project("{8BC9CEB8-8B4A-11D0-8D11-00A0C91BC942}") = "O3.2", "O3.2\O3.2.vcxproj", "{7FDBE57B-2C26-4A61-AE3D-A507DAFF2CD3}"
EndProject
Project("{8BC9CEB8-8B4A-11D0-8D11-00A0C91BC942}") = "O3.3", "O3.3\O3.3.vcxproj", "{F6F017F5-688D-4F9F-989F-C608EFA27E41}"
EndProject
Project("{8BC9CEB8-8B4A-11D0-8D11-00A0C91BC942}") = "O3.4", "O3.4\O3.4.vcxproj", "{BECAEA87-F2F8-40DB-9257-A502D3FCBBDE}"
EndProject
Project("{8BC9CEB8-8B4A-11D0-8D11-00A0C91BC942}") = "O3.5", "O3.5\O3.5.vcxproj", "{7AFD38E1-7814-4C6A-9F7C-5A97F68A8C66}"
EndProject
Project("{8BC9CEB8-8B4A-11D0-8D11-00A0C91BC942}") = "O3.6", "O3.6\O3.6.vcxproj", "{CB65E07A-A671-4D7D-8D07-4F59C16292AA}"
EndProject
Project("{8BC9CEB8-8B4A-11D0-8D11-00A0C91BC942}") = "O4.1", "O4.1\O4.1.vcxproj", "{C2AFD08A-699A-4CE8-8433-CF82B048D36A}"
EndProject
Project("{8BC9CEB8-8B4A-11D0-8D11-00A0C91BC942}") = "O4.2", "O4.2\O4.2.vcxproj", "{493A7326-44EA-4FAC-891B-11E40E399607}"
EndProject
Project("{8BC9CEB8-8B4A-11D0-8D11-00A0C91BC942}") = "O4.3", "O4.3\O4.3.vcxproj", "{E25BFC5F-83FF-4BAC-8C06-6193F5DEB3B4}"
EndProject
Project("{8BC9CEB8-8B4A-11D0-8D11-00A0C91BC942}") = "O4.4", "O4.4\O4.4.vcxproj", "{123FFD0C-4EB8-4BC1-B6D2-E5CD5320A75B}"
EndProject
Project("{8BC9CEB8-8B4A-11D0-8D11-00A0C91BC942}") = "O4.6", "O4.6\O4.6.vcxproj", "{29193F9A-DB75-4853-A8FE-00F60888D8CF}"
EndProject
Project("{8BC9CEB8-8B4A-11D0-8D11-00A0C91BC942}") = "O4.7", "O4.7\O4.7.vcxproj", "{007EA0A1-EF31-42AD-A14A-42C2FCA9E655}"
EndProject
Project("{8BC9CEB8-8B4A-11D0-8D11-00A0C91BC942}") = "O4.8", "O4.8\O4.8.vcxproj", "{98A49075-27D8-4019-A173-5D5CEDD0C391}"
EndProject
Project("{8BC9CEB8-8B4A-11D0-8D11-00A0C91BC942}") = "O4.9", "O4.9\O4.9.vcxproj", "{29DE17D8-A409-4BE2-B0EF-11969F86C0A9}"
EndProject
Project("{8BC9CEB8-8B4A-11D0-8D11-00A0C91BC942}") = "O4.11", "O4.11\O4.11.vcxproj", "{3AFF859A-B585-42B1-AF9B-3A653B0A4E60}"
EndProject
Project("{8BC9CEB8-8B4A-11D0-8D11-00A0C91BC942}") = "O5.1", "O5.1\O5.1.vcxproj", "{13E36604-5E51-411F-94D2-BBF9F52B654F}"
EndProject
Project("{8BC9CEB8-8B4A-11D0-8D11-00A0C91BC942}") = "O5.2", "O5.2\O5.2.vcxproj", "{A4D64A05-F853-48CD-9CA4-CFADC88DD182}"
EndProject
Project("{8BC9CEB8-8B4A-11D0-8D11-00A0C91BC942}") = "O5.3", "O5.3\O5.3.vcxproj", "{0102D333-B46F-4130-AC5C-91FD226625E2}"
EndProject
Project("{8BC9CEB8-8B4A-11D0-8D11-00A0C91BC942}") = "O5.4", "O5.4\O5.4.vcxproj", "{AD5EB8F2-D454-4761-B9A0-13063FD3C800}"
EndProject
Project("{8BC9CEB8-8B4A-11D0-8D11-00A0C91BC942}") = "O5.6", "O5.6\O5.6.vcxproj", "{FCA99A8A-12A9-4943-97DC-C2563FB00520}"
EndProject
Project("{8BC9CEB8-8B4A-11D0-8D11-00A0C91BC942}") = "O5.7", "O5.7\O5.7.vcxproj", "{AD0CDD45-36AE-4D7F-A490-99939A1B08AC}"
EndProject
Project("{8BC9CEB8-8B4A-11D0-8D11-00A0C91BC942}") = "O5.8", "O5.8\O5.8.vcxproj", "{9B6011A9-6CCF-4F09-B3C3-0AEFB7172778}"
EndProject
Project("{8BC9CEB8-8B4A-11D0-8D11-00A0C91BC942}") = "Zwischentestat", "..\..\..\..\source\repos\Zwischentestat\Zwischentestat.vcxproj", "{3A8379FD-FF9F-4919-AC11-091FAAB590B2}"
EndProject
Project("{8BC9CEB8-8B4A-11D0-8D11-00A0C91BC942}") = "PO6.1", "PO6.1\PO6.1.vcxproj", "{F441C0A7-ED10-405D-8893-63914CB6B848}"
EndProject
Project("{8BC9CEB8-8B4A-11D0-8D11-00A0C91BC942}") = "PO6.3", "PO6.3\PO6.3.vcxproj", "{2CDD31D7-8CA7-4E37-B9AC-820DE5A51F20}"
EndProject
Project("{8BC9CEB8-8B4A-11D0-8D11-00A0C91BC942}") = "O6.2", "O6.2\O6.2.vcxproj", "{EBEB0F03-BBFA-4131-92FB-6544125FC21A}"
EndProject
Project("{8BC9CEB8-8B4A-11D0-8D11-00A0C91BC942}") = "PO7.1", "PO7.1\PO7.1.vcxproj", "{FAE5F5EA-E8EE-49F9-A8E1-D82CE5EA4D9F}"
EndProject
Project("{8BC9CEB8-8B4A-11D0-8D11-00A0C91BC942}") = "O7.2", "O7.2\O7.2.vcxproj", "{DF322CE3-B91F-4A1E-9F21-2FAC4FDB68B0}"
EndProject
Project("{8BC9CEB8-8B4A-11D0-8D11-00A0C91BC942}") = "PO7.3", "PO7.3\PO7.3.vcxproj", "{9F7B1565-D418-4A15-8B1C-F021EE84B727}"
EndProject
Global
	GlobalSection(SolutionConfigurationPlatforms) = preSolution
		Debug|x64 = Debug|x64
		Debug|x86 = Debug|x86
		Release|x64 = Release|x64
		Release|x86 = Release|x86
	EndGlobalSection
	GlobalSection(ProjectConfigurationPlatforms) = postSolution
		{BFDA627A-DF12-4F56-9FC7-69678A039EA3}.Debug|x64.ActiveCfg = Debug|x64
		{BFDA627A-DF12-4F56-9FC7-69678A039EA3}.Debug|x64.Build.0 = Debug|x64
		{BFDA627A-DF12-4F56-9FC7-69678A039EA3}.Debug|x86.ActiveCfg = Debug|Win32
		{BFDA627A-DF12-4F56-9FC7-69678A039EA3}.Debug|x86.Build.0 = Debug|Win32
		{BFDA627A-DF12-4F56-9FC7-69678A039EA3}.Release|x64.ActiveCfg = Release|x64
		{BFDA627A-DF12-4F56-9FC7-69678A039EA3}.Release|x64.Build.0 = Release|x64
		{BFDA627A-DF12-4F56-9FC7-69678A039EA3}.Release|x86.ActiveCfg = Release|Win32
		{BFDA627A-DF12-4F56-9FC7-69678A039EA3}.Release|x86.Build.0 = Release|Win32
		{7DA9ED2A-473B-4BD3-AB7D-37CDFF608E9B}.Debug|x64.ActiveCfg = Debug|x64
		{7DA9ED2A-473B-4BD3-AB7D-37CDFF608E9B}.Debug|x64.Build.0 = Debug|x64
		{7DA9ED2A-473B-4BD3-AB7D-37CDFF608E9B}.Debug|x86.ActiveCfg = Debug|Win32
		{7DA9ED2A-473B-4BD3-AB7D-37CDFF608E9B}.Debug|x86.Build.0 = Debug|Win32
		{7DA9ED2A-473B-4BD3-AB7D-37CDFF608E9B}.Release|x64.ActiveCfg = Release|x64
		{7DA9ED2A-473B-4BD3-AB7D-37CDFF608E9B}.Release|x64.Build.0 = Release|x64
		{7DA9ED2A-473B-4BD3-AB7D-37CDFF608E9B}.Release|x86.ActiveCfg = Release|Win32
		{7DA9ED2A-473B-4BD3-AB7D-37CDFF608E9B}.Release|x86.Build.0 = Release|Win32
		{CCB584A6-6860-4585-A88A-F72C21072917}.Debug|x64.ActiveCfg = Debug|x64
		{CCB584A6-6860-4585-A88A-F72C21072917}.Debug|x64.Build.0 = Debug|x64
		{CCB584A6-6860-4585-A88A-F72C21072917}.Debug|x86.ActiveCfg = Debug|Win32
		{CCB584A6-6860-4585-A88A-F72C21072917}.Debug|x86.Build.0 = Debug|Win32
		{CCB584A6-6860-4585-A88A-F72C21072917}.Release|x64.ActiveCfg = Release|x64
		{CCB584A6-6860-4585-A88A-F72C21072917}.Release|x64.Build.0 = Release|x64
		{CCB584A6-6860-4585-A88A-F72C21072917}.Release|x86.ActiveCfg = Release|Win32
		{CCB584A6-6860-4585-A88A-F72C21072917}.Release|x86.Build.0 = Release|Win32
		{6DC249D8-3F33-4942-85D8-56C197CFE1AB}.Debug|x64.ActiveCfg = Debug|x64
		{6DC249D8-3F33-4942-85D8-56C197CFE1AB}.Debug|x64.Build.0 = Debug|x64
		{6DC249D8-3F33-4942-85D8-56C197CFE1AB}.Debug|x86.ActiveCfg = Debug|Win32
		{6DC249D8-3F33-4942-85D8-56C197CFE1AB}.Debug|x86.Build.0 = Debug|Win32
		{6DC249D8-3F33-4942-85D8-56C197CFE1AB}.Release|x64.ActiveCfg = Release|x64
		{6DC249D8-3F33-4942-85D8-56C197CFE1AB}.Release|x64.Build.0 = Release|x64
		{6DC249D8-3F33-4942-85D8-56C197CFE1AB}.Release|x86.ActiveCfg = Release|Win32
		{6DC249D8-3F33-4942-85D8-56C197CFE1AB}.Release|x86.Build.0 = Release|Win32
		{673DFEC8-B5CC-4543-A535-2AD33B6BF07A}.Debug|x64.ActiveCfg = Debug|x64
		{673DFEC8-B5CC-4543-A535-2AD33B6BF07A}.Debug|x64.Build.0 = Debug|x64
		{673DFEC8-B5CC-4543-A535-2AD33B6BF07A}.Debug|x86.ActiveCfg = Debug|Win32
		{673DFEC8-B5CC-4543-A535-2AD33B6BF07A}.Debug|x86.Build.0 = Debug|Win32
		{673DFEC8-B5CC-4543-A535-2AD33B6BF07A}.Release|x64.ActiveCfg = Release|x64
		{673DFEC8-B5CC-4543-A535-2AD33B6BF07A}.Release|x64.Build.0 = Release|x64
		{673DFEC8-B5CC-4543-A535-2AD33B6BF07A}.Release|x86.ActiveCfg = Release|Win32
		{673DFEC8-B5CC-4543-A535-2AD33B6BF07A}.Release|x86.Build.0 = Release|Win32
		{908FE344-878B-46B1-A0C3-EA0444B9BA14}.Debug|x64.ActiveCfg = Debug|x64
		{908FE344-878B-46B1-A0C3-EA0444B9BA14}.Debug|x64.Build.0 = Debug|x64
		{908FE344-878B-46B1-A0C3-EA0444B9BA14}.Debug|x86.ActiveCfg = Debug|Win32
		{908FE344-878B-46B1-A0C3-EA0444B9BA14}.Debug|x86.Build.0 = Debug|Win32
		{908FE344-878B-46B1-A0C3-EA0444B9BA14}.Release|x64.ActiveCfg = Release|x64
		{908FE344-878B-46B1-A0C3-EA0444B9BA14}.Release|x64.Build.0 = Release|x64
		{908FE344-878B-46B1-A0C3-EA0444B9BA14}.Release|x86.ActiveCfg = Release|Win32
		{908FE344-878B-46B1-A0C3-EA0444B9BA14}.Release|x86.Build.0 = Release|Win32
		{3B64681A-6E89-4EBF-AD0A-5E4FC2A2DFEA}.Debug|x64.ActiveCfg = Debug|x64
		{3B64681A-6E89-4EBF-AD0A-5E4FC2A2DFEA}.Debug|x64.Build.0 = Debug|x64
		{3B64681A-6E89-4EBF-AD0A-5E4FC2A2DFEA}.Debug|x86.ActiveCfg = Debug|Win32
		{3B64681A-6E89-4EBF-AD0A-5E4FC2A2DFEA}.Debug|x86.Build.0 = Debug|Win32
		{3B64681A-6E89-4EBF-AD0A-5E4FC2A2DFEA}.Release|x64.ActiveCfg = Release|x64
		{3B64681A-6E89-4EBF-AD0A-5E4FC2A2DFEA}.Release|x64.Build.0 = Release|x64
		{3B64681A-6E89-4EBF-AD0A-5E4FC2A2DFEA}.Release|x86.ActiveCfg = Release|Win32
		{3B64681A-6E89-4EBF-AD0A-5E4FC2A2DFEA}.Release|x86.Build.0 = Release|Win32
		{87FB8D3D-E852-418F-84B8-FB536B62D511}.Debug|x64.ActiveCfg = Debug|x64
		{87FB8D3D-E852-418F-84B8-FB536B62D511}.Debug|x64.Build.0 = Debug|x64
		{87FB8D3D-E852-418F-84B8-FB536B62D511}.Debug|x86.ActiveCfg = Debug|Win32
		{87FB8D3D-E852-418F-84B8-FB536B62D511}.Debug|x86.Build.0 = Debug|Win32
		{87FB8D3D-E852-418F-84B8-FB536B62D511}.Release|x64.ActiveCfg = Release|x64
		{87FB8D3D-E852-418F-84B8-FB536B62D511}.Release|x64.Build.0 = Release|x64
		{87FB8D3D-E852-418F-84B8-FB536B62D511}.Release|x86.ActiveCfg = Release|Win32
		{87FB8D3D-E852-418F-84B8-FB536B62D511}.Release|x86.Build.0 = Release|Win32
		{EE5D0D57-23FD-4127-83F5-13CA17291ABC}.Debug|x64.ActiveCfg = Debug|x64
		{EE5D0D57-23FD-4127-83F5-13CA17291ABC}.Debug|x64.Build.0 = Debug|x64
		{EE5D0D57-23FD-4127-83F5-13CA17291ABC}.Debug|x86.ActiveCfg = Debug|Win32
		{EE5D0D57-23FD-4127-83F5-13CA17291ABC}.Debug|x86.Build.0 = Debug|Win32
		{EE5D0D57-23FD-4127-83F5-13CA17291ABC}.Release|x64.ActiveCfg = Release|x64
		{EE5D0D57-23FD-4127-83F5-13CA17291ABC}.Release|x64.Build.0 = Release|x64
		{EE5D0D57-23FD-4127-83F5-13CA17291ABC}.Release|x86.ActiveCfg = Release|Win32
		{EE5D0D57-23FD-4127-83F5-13CA17291ABC}.Release|x86.Build.0 = Release|Win32
		{58A26E47-EBBF-4712-B99B-2A6703D84A18}.Debug|x64.ActiveCfg = Debug|x64
		{58A26E47-EBBF-4712-B99B-2A6703D84A18}.Debug|x64.Build.0 = Debug|x64
		{58A26E47-EBBF-4712-B99B-2A6703D84A18}.Debug|x86.ActiveCfg = Debug|Win32
		{58A26E47-EBBF-4712-B99B-2A6703D84A18}.Debug|x86.Build.0 = Debug|Win32
		{58A26E47-EBBF-4712-B99B-2A6703D84A18}.Release|x64.ActiveCfg = Release|x64
		{58A26E47-EBBF-4712-B99B-2A6703D84A18}.Release|x64.Build.0 = Release|x64
		{58A26E47-EBBF-4712-B99B-2A6703D84A18}.Release|x86.ActiveCfg = Release|Win32
		{58A26E47-EBBF-4712-B99B-2A6703D84A18}.Release|x86.Build.0 = Release|Win32
		{C3400A1D-2FB1-4E65-A5E5-7DF7FF2A033C}.Debug|x64.ActiveCfg = Debug|x64
		{C3400A1D-2FB1-4E65-A5E5-7DF7FF2A033C}.Debug|x64.Build.0 = Debug|x64
		{C3400A1D-2FB1-4E65-A5E5-7DF7FF2A033C}.Debug|x86.ActiveCfg = Debug|Win32
		{C3400A1D-2FB1-4E65-A5E5-7DF7FF2A033C}.Debug|x86.Build.0 = Debug|Win32
		{C3400A1D-2FB1-4E65-A5E5-7DF7FF2A033C}.Release|x64.ActiveCfg = Release|x64
		{C3400A1D-2FB1-4E65-A5E5-7DF7FF2A033C}.Release|x64.Build.0 = Release|x64
		{C3400A1D-2FB1-4E65-A5E5-7DF7FF2A033C}.Release|x86.ActiveCfg = Release|Win32
		{C3400A1D-2FB1-4E65-A5E5-7DF7FF2A033C}.Release|x86.Build.0 = Release|Win32
		{7FDBE57B-2C26-4A61-AE3D-A507DAFF2CD3}.Debug|x64.ActiveCfg = Debug|x64
		{7FDBE57B-2C26-4A61-AE3D-A507DAFF2CD3}.Debug|x64.Build.0 = Debug|x64
		{7FDBE57B-2C26-4A61-AE3D-A507DAFF2CD3}.Debug|x86.ActiveCfg = Debug|Win32
		{7FDBE57B-2C26-4A61-AE3D-A507DAFF2CD3}.Debug|x86.Build.0 = Debug|Win32
		{7FDBE57B-2C26-4A61-AE3D-A507DAFF2CD3}.Release|x64.ActiveCfg = Release|x64
		{7FDBE57B-2C26-4A61-AE3D-A507DAFF2CD3}.Release|x64.Build.0 = Release|x64
		{7FDBE57B-2C26-4A61-AE3D-A507DAFF2CD3}.Release|x86.ActiveCfg = Release|Win32
		{7FDBE57B-2C26-4A61-AE3D-A507DAFF2CD3}.Release|x86.Build.0 = Release|Win32
		{F6F017F5-688D-4F9F-989F-C608EFA27E41}.Debug|x64.ActiveCfg = Debug|x64
		{F6F017F5-688D-4F9F-989F-C608EFA27E41}.Debug|x64.Build.0 = Debug|x64
		{F6F017F5-688D-4F9F-989F-C608EFA27E41}.Debug|x86.ActiveCfg = Debug|Win32
		{F6F017F5-688D-4F9F-989F-C608EFA27E41}.Debug|x86.Build.0 = Debug|Win32
		{F6F017F5-688D-4F9F-989F-C608EFA27E41}.Release|x64.ActiveCfg = Release|x64
		{F6F017F5-688D-4F9F-989F-C608EFA27E41}.Release|x64.Build.0 = Release|x64
		{F6F017F5-688D-4F9F-989F-C608EFA27E41}.Release|x86.ActiveCfg = Release|Win32
		{F6F017F5-688D-4F9F-989F-C608EFA27E41}.Release|x86.Build.0 = Release|Win32
		{BECAEA87-F2F8-40DB-9257-A502D3FCBBDE}.Debug|x64.ActiveCfg = Debug|x64
		{BECAEA87-F2F8-40DB-9257-A502D3FCBBDE}.Debug|x64.Build.0 = Debug|x64
		{BECAEA87-F2F8-40DB-9257-A502D3FCBBDE}.Debug|x86.ActiveCfg = Debug|Win32
		{BECAEA87-F2F8-40DB-9257-A502D3FCBBDE}.Debug|x86.Build.0 = Debug|Win32
		{BECAEA87-F2F8-40DB-9257-A502D3FCBBDE}.Release|x64.ActiveCfg = Release|x64
		{BECAEA87-F2F8-40DB-9257-A502D3FCBBDE}.Release|x64.Build.0 = Release|x64
		{BECAEA87-F2F8-40DB-9257-A502D3FCBBDE}.Release|x86.ActiveCfg = Release|Win32
		{BECAEA87-F2F8-40DB-9257-A502D3FCBBDE}.Release|x86.Build.0 = Release|Win32
		{7AFD38E1-7814-4C6A-9F7C-5A97F68A8C66}.Debug|x64.ActiveCfg = Debug|x64
		{7AFD38E1-7814-4C6A-9F7C-5A97F68A8C66}.Debug|x64.Build.0 = Debug|x64
		{7AFD38E1-7814-4C6A-9F7C-5A97F68A8C66}.Debug|x86.ActiveCfg = Debug|Win32
		{7AFD38E1-7814-4C6A-9F7C-5A97F68A8C66}.Debug|x86.Build.0 = Debug|Win32
		{7AFD38E1-7814-4C6A-9F7C-5A97F68A8C66}.Release|x64.ActiveCfg = Release|x64
		{7AFD38E1-7814-4C6A-9F7C-5A97F68A8C66}.Release|x64.Build.0 = Release|x64
		{7AFD38E1-7814-4C6A-9F7C-5A97F68A8C66}.Release|x86.ActiveCfg = Release|Win32
		{7AFD38E1-7814-4C6A-9F7C-5A97F68A8C66}.Release|x86.Build.0 = Release|Win32
		{CB65E07A-A671-4D7D-8D07-4F59C16292AA}.Debug|x64.ActiveCfg = Debug|x64
		{CB65E07A-A671-4D7D-8D07-4F59C16292AA}.Debug|x64.Build.0 = Debug|x64
		{CB65E07A-A671-4D7D-8D07-4F59C16292AA}.Debug|x86.ActiveCfg = Debug|Win32
		{CB65E07A-A671-4D7D-8D07-4F59C16292AA}.Debug|x86.Build.0 = Debug|Win32
		{CB65E07A-A671-4D7D-8D07-4F59C16292AA}.Release|x64.ActiveCfg = Release|x64
		{CB65E07A-A671-4D7D-8D07-4F59C16292AA}.Release|x64.Build.0 = Release|x64
		{CB65E07A-A671-4D7D-8D07-4F59C16292AA}.Release|x86.ActiveCfg = Release|Win32
		{CB65E07A-A671-4D7D-8D07-4F59C16292AA}.Release|x86.Build.0 = Release|Win32
		{C2AFD08A-699A-4CE8-8433-CF82B048D36A}.Debug|x64.ActiveCfg = Debug|x64
		{C2AFD08A-699A-4CE8-8433-CF82B048D36A}.Debug|x64.Build.0 = Debug|x64
		{C2AFD08A-699A-4CE8-8433-CF82B048D36A}.Debug|x86.ActiveCfg = Debug|Win32
		{C2AFD08A-699A-4CE8-8433-CF82B048D36A}.Debug|x86.Build.0 = Debug|Win32
		{C2AFD08A-699A-4CE8-8433-CF82B048D36A}.Release|x64.ActiveCfg = Release|x64
		{C2AFD08A-699A-4CE8-8433-CF82B048D36A}.Release|x64.Build.0 = Release|x64
		{C2AFD08A-699A-4CE8-8433-CF82B048D36A}.Release|x86.ActiveCfg = Release|Win32
		{C2AFD08A-699A-4CE8-8433-CF82B048D36A}.Release|x86.Build.0 = Release|Win32
		{493A7326-44EA-4FAC-891B-11E40E399607}.Debug|x64.ActiveCfg = Debug|x64
		{493A7326-44EA-4FAC-891B-11E40E399607}.Debug|x64.Build.0 = Debug|x64
		{493A7326-44EA-4FAC-891B-11E40E399607}.Debug|x86.ActiveCfg = Debug|Win32
		{493A7326-44EA-4FAC-891B-11E40E399607}.Debug|x86.Build.0 = Debug|Win32
		{493A7326-44EA-4FAC-891B-11E40E399607}.Release|x64.ActiveCfg = Release|x64
		{493A7326-44EA-4FAC-891B-11E40E399607}.Release|x64.Build.0 = Release|x64
		{493A7326-44EA-4FAC-891B-11E40E399607}.Release|x86.ActiveCfg = Release|Win32
		{493A7326-44EA-4FAC-891B-11E40E399607}.Release|x86.Build.0 = Release|Win32
		{E25BFC5F-83FF-4BAC-8C06-6193F5DEB3B4}.Debug|x64.ActiveCfg = Debug|x64
		{E25BFC5F-83FF-4BAC-8C06-6193F5DEB3B4}.Debug|x64.Build.0 = Debug|x64
		{E25BFC5F-83FF-4BAC-8C06-6193F5DEB3B4}.Debug|x86.ActiveCfg = Debug|Win32
		{E25BFC5F-83FF-4BAC-8C06-6193F5DEB3B4}.Debug|x86.Build.0 = Debug|Win32
		{E25BFC5F-83FF-4BAC-8C06-6193F5DEB3B4}.Release|x64.ActiveCfg = Release|x64
		{E25BFC5F-83FF-4BAC-8C06-6193F5DEB3B4}.Release|x64.Build.0 = Release|x64
		{E25BFC5F-83FF-4BAC-8C06-6193F5DEB3B4}.Release|x86.ActiveCfg = Release|Win32
		{E25BFC5F-83FF-4BAC-8C06-6193F5DEB3B4}.Release|x86.Build.0 = Release|Win32
		{123FFD0C-4EB8-4BC1-B6D2-E5CD5320A75B}.Debug|x64.ActiveCfg = Debug|x64
		{123FFD0C-4EB8-4BC1-B6D2-E5CD5320A75B}.Debug|x64.Build.0 = Debug|x64
		{123FFD0C-4EB8-4BC1-B6D2-E5CD5320A75B}.Debug|x86.ActiveCfg = Debug|Win32
		{123FFD0C-4EB8-4BC1-B6D2-E5CD5320A75B}.Debug|x86.Build.0 = Debug|Win32
		{123FFD0C-4EB8-4BC1-B6D2-E5CD5320A75B}.Release|x64.ActiveCfg = Release|x64
		{123FFD0C-4EB8-4BC1-B6D2-E5CD5320A75B}.Release|x64.Build.0 = Release|x64
		{123FFD0C-4EB8-4BC1-B6D2-E5CD5320A75B}.Release|x86.ActiveCfg = Release|Win32
		{123FFD0C-4EB8-4BC1-B6D2-E5CD5320A75B}.Release|x86.Build.0 = Release|Win32
		{29193F9A-DB75-4853-A8FE-00F60888D8CF}.Debug|x64.ActiveCfg = Debug|x64
		{29193F9A-DB75-4853-A8FE-00F60888D8CF}.Debug|x64.Build.0 = Debug|x64
		{29193F9A-DB75-4853-A8FE-00F60888D8CF}.Debug|x86.ActiveCfg = Debug|Win32
		{29193F9A-DB75-4853-A8FE-00F60888D8CF}.Debug|x86.Build.0 = Debug|Win32
		{29193F9A-DB75-4853-A8FE-00F60888D8CF}.Release|x64.ActiveCfg = Release|x64
		{29193F9A-DB75-4853-A8FE-00F60888D8CF}.Release|x64.Build.0 = Release|x64
		{29193F9A-DB75-4853-A8FE-00F60888D8CF}.Release|x86.ActiveCfg = Release|Win32
		{29193F9A-DB75-4853-A8FE-00F60888D8CF}.Release|x86.Build.0 = Release|Win32
		{007EA0A1-EF31-42AD-A14A-42C2FCA9E655}.Debug|x64.ActiveCfg = Debug|x64
		{007EA0A1-EF31-42AD-A14A-42C2FCA9E655}.Debug|x64.Build.0 = Debug|x64
		{007EA0A1-EF31-42AD-A14A-42C2FCA9E655}.Debug|x86.ActiveCfg = Debug|Win32
		{007EA0A1-EF31-42AD-A14A-42C2FCA9E655}.Debug|x86.Build.0 = Debug|Win32
		{007EA0A1-EF31-42AD-A14A-42C2FCA9E655}.Release|x64.ActiveCfg = Release|x64
		{007EA0A1-EF31-42AD-A14A-42C2FCA9E655}.Release|x64.Build.0 = Release|x64
		{007EA0A1-EF31-42AD-A14A-42C2FCA9E655}.Release|x86.ActiveCfg = Release|Win32
		{007EA0A1-EF31-42AD-A14A-42C2FCA9E655}.Release|x86.Build.0 = Release|Win32
		{98A49075-27D8-4019-A173-5D5CEDD0C391}.Debug|x64.ActiveCfg = Debug|x64
		{98A49075-27D8-4019-A173-5D5CEDD0C391}.Debug|x64.Build.0 = Debug|x64
		{98A49075-27D8-4019-A173-5D5CEDD0C391}.Debug|x86.ActiveCfg = Debug|Win32
		{98A49075-27D8-4019-A173-5D5CEDD0C391}.Debug|x86.Build.0 = Debug|Win32
		{98A49075-27D8-4019-A173-5D5CEDD0C391}.Release|x64.ActiveCfg = Release|x64
		{98A49075-27D8-4019-A173-5D5CEDD0C391}.Release|x64.Build.0 = Release|x64
		{98A49075-27D8-4019-A173-5D5CEDD0C391}.Release|x86.ActiveCfg = Release|Win32
		{98A49075-27D8-4019-A173-5D5CEDD0C391}.Release|x86.Build.0 = Release|Win32
		{29DE17D8-A409-4BE2-B0EF-11969F86C0A9}.Debug|x64.ActiveCfg = Debug|x64
		{29DE17D8-A409-4BE2-B0EF-11969F86C0A9}.Debug|x64.Build.0 = Debug|x64
		{29DE17D8-A409-4BE2-B0EF-11969F86C0A9}.Debug|x86.ActiveCfg = Debug|Win32
		{29DE17D8-A409-4BE2-B0EF-11969F86C0A9}.Debug|x86.Build.0 = Debug|Win32
		{29DE17D8-A409-4BE2-B0EF-11969F86C0A9}.Release|x64.ActiveCfg = Release|x64
		{29DE17D8-A409-4BE2-B0EF-11969F86C0A9}.Release|x64.Build.0 = Release|x64
		{29DE17D8-A409-4BE2-B0EF-11969F86C0A9}.Release|x86.ActiveCfg = Release|Win32
		{29DE17D8-A409-4BE2-B0EF-11969F86C0A9}.Release|x86.Build.0 = Release|Win32
		{3AFF859A-B585-42B1-AF9B-3A653B0A4E60}.Debug|x64.ActiveCfg = Debug|x64
		{3AFF859A-B585-42B1-AF9B-3A653B0A4E60}.Debug|x64.Build.0 = Debug|x64
		{3AFF859A-B585-42B1-AF9B-3A653B0A4E60}.Debug|x86.ActiveCfg = Debug|Win32
		{3AFF859A-B585-42B1-AF9B-3A653B0A4E60}.Debug|x86.Build.0 = Debug|Win32
		{3AFF859A-B585-42B1-AF9B-3A653B0A4E60}.Release|x64.ActiveCfg = Release|x64
		{3AFF859A-B585-42B1-AF9B-3A653B0A4E60}.Release|x64.Build.0 = Release|x64
		{3AFF859A-B585-42B1-AF9B-3A653B0A4E60}.Release|x86.ActiveCfg = Release|Win32
		{3AFF859A-B585-42B1-AF9B-3A653B0A4E60}.Release|x86.Build.0 = Release|Win32
		{13E36604-5E51-411F-94D2-BBF9F52B654F}.Debug|x64.ActiveCfg = Debug|x64
		{13E36604-5E51-411F-94D2-BBF9F52B654F}.Debug|x64.Build.0 = Debug|x64
		{13E36604-5E51-411F-94D2-BBF9F52B654F}.Debug|x86.ActiveCfg = Debug|Win32
		{13E36604-5E51-411F-94D2-BBF9F52B654F}.Debug|x86.Build.0 = Debug|Win32
		{13E36604-5E51-411F-94D2-BBF9F52B654F}.Release|x64.ActiveCfg = Release|x64
		{13E36604-5E51-411F-94D2-BBF9F52B654F}.Release|x64.Build.0 = Release|x64
		{13E36604-5E51-411F-94D2-BBF9F52B654F}.Release|x86.ActiveCfg = Release|Win32
		{13E36604-5E51-411F-94D2-BBF9F52B654F}.Release|x86.Build.0 = Release|Win32
		{A4D64A05-F853-48CD-9CA4-CFADC88DD182}.Debug|x64.ActiveCfg = Debug|x64
		{A4D64A05-F853-48CD-9CA4-CFADC88DD182}.Debug|x64.Build.0 = Debug|x64
		{A4D64A05-F853-48CD-9CA4-CFADC88DD182}.Debug|x86.ActiveCfg = Debug|Win32
		{A4D64A05-F853-48CD-9CA4-CFADC88DD182}.Debug|x86.Build.0 = Debug|Win32
		{A4D64A05-F853-48CD-9CA4-CFADC88DD182}.Release|x64.ActiveCfg = Release|x64
		{A4D64A05-F853-48CD-9CA4-CFADC88DD182}.Release|x64.Build.0 = Release|x64
		{A4D64A05-F853-48CD-9CA4-CFADC88DD182}.Release|x86.ActiveCfg = Release|Win32
		{A4D64A05-F853-48CD-9CA4-CFADC88DD182}.Release|x86.Build.0 = Release|Win32
		{0102D333-B46F-4130-AC5C-91FD226625E2}.Debug|x64.ActiveCfg = Debug|x64
		{0102D333-B46F-4130-AC5C-91FD226625E2}.Debug|x64.Build.0 = Debug|x64
		{0102D333-B46F-4130-AC5C-91FD226625E2}.Debug|x86.ActiveCfg = Debug|Win32
		{0102D333-B46F-4130-AC5C-91FD226625E2}.Debug|x86.Build.0 = Debug|Win32
		{0102D333-B46F-4130-AC5C-91FD226625E2}.Release|x64.ActiveCfg = Release|x64
		{0102D333-B46F-4130-AC5C-91FD226625E2}.Release|x64.Build.0 = Release|x64
		{0102D333-B46F-4130-AC5C-91FD226625E2}.Release|x86.ActiveCfg = Release|Win32
		{0102D333-B46F-4130-AC5C-91FD226625E2}.Release|x86.Build.0 = Release|Win32
		{AD5EB8F2-D454-4761-B9A0-13063FD3C800}.Debug|x64.ActiveCfg = Debug|x64
		{AD5EB8F2-D454-4761-B9A0-13063FD3C800}.Debug|x64.Build.0 = Debug|x64
		{AD5EB8F2-D454-4761-B9A0-13063FD3C800}.Debug|x86.ActiveCfg = Debug|Win32
		{AD5EB8F2-D454-4761-B9A0-13063FD3C800}.Debug|x86.Build.0 = Debug|Win32
		{AD5EB8F2-D454-4761-B9A0-13063FD3C800}.Release|x64.ActiveCfg = Release|x64
		{AD5EB8F2-D454-4761-B9A0-13063FD3C800}.Release|x64.Build.0 = Release|x64
		{AD5EB8F2-D454-4761-B9A0-13063FD3C800}.Release|x86.ActiveCfg = Release|Win32
		{AD5EB8F2-D454-4761-B9A0-13063FD3C800}.Release|x86.Build.0 = Release|Win32
		{FCA99A8A-12A9-4943-97DC-C2563FB00520}.Debug|x64.ActiveCfg = Debug|x64
		{FCA99A8A-12A9-4943-97DC-C2563FB00520}.Debug|x64.Build.0 = Debug|x64
		{FCA99A8A-12A9-4943-97DC-C2563FB00520}.Debug|x86.ActiveCfg = Debug|Win32
		{FCA99A8A-12A9-4943-97DC-C2563FB00520}.Debug|x86.Build.0 = Debug|Win32
		{FCA99A8A-12A9-4943-97DC-C2563FB00520}.Release|x64.ActiveCfg = Release|x64
		{FCA99A8A-12A9-4943-97DC-C2563FB00520}.Release|x64.Build.0 = Release|x64
		{FCA99A8A-12A9-4943-97DC-C2563FB00520}.Release|x86.ActiveCfg = Release|Win32
		{FCA99A8A-12A9-4943-97DC-C2563FB00520}.Release|x86.Build.0 = Release|Win32
		{AD0CDD45-36AE-4D7F-A490-99939A1B08AC}.Debug|x64.ActiveCfg = Debug|x64
		{AD0CDD45-36AE-4D7F-A490-99939A1B08AC}.Debug|x64.Build.0 = Debug|x64
		{AD0CDD45-36AE-4D7F-A490-99939A1B08AC}.Debug|x86.ActiveCfg = Debug|Win32
		{AD0CDD45-36AE-4D7F-A490-99939A1B08AC}.Debug|x86.Build.0 = Debug|Win32
		{AD0CDD45-36AE-4D7F-A490-99939A1B08AC}.Release|x64.ActiveCfg = Release|x64
		{AD0CDD45-36AE-4D7F-A490-99939A1B08AC}.Release|x64.Build.0 = Release|x64
		{AD0CDD45-36AE-4D7F-A490-99939A1B08AC}.Release|x86.ActiveCfg = Release|Win32
		{AD0CDD45-36AE-4D7F-A490-99939A1B08AC}.Release|x86.Build.0 = Release|Win32
		{9B6011A9-6CCF-4F09-B3C3-0AEFB7172778}.Debug|x64.ActiveCfg = Debug|x64
		{9B6011A9-6CCF-4F09-B3C3-0AEFB7172778}.Debug|x64.Build.0 = Debug|x64
		{9B6011A9-6CCF-4F09-B3C3-0AEFB7172778}.Debug|x86.ActiveCfg = Debug|Win32
		{9B6011A9-6CCF-4F09-B3C3-0AEFB7172778}.Debug|x86.Build.0 = Debug|Win32
		{9B6011A9-6CCF-4F09-B3C3-0AEFB7172778}.Release|x64.ActiveCfg = Release|x64
		{9B6011A9-6CCF-4F09-B3C3-0AEFB7172778}.Release|x64.Build.0 = Release|x64
		{9B6011A9-6CCF-4F09-B3C3-0AEFB7172778}.Release|x86.ActiveCfg = Release|Win32
		{9B6011A9-6CCF-4F09-B3C3-0AEFB7172778}.Release|x86.Build.0 = Release|Win32
		{3A8379FD-FF9F-4919-AC11-091FAAB590B2}.Debug|x64.ActiveCfg = Debug|x64
		{3A8379FD-FF9F-4919-AC11-091FAAB590B2}.Debug|x64.Build.0 = Debug|x64
		{3A8379FD-FF9F-4919-AC11-091FAAB590B2}.Debug|x86.ActiveCfg = Debug|Win32
		{3A8379FD-FF9F-4919-AC11-091FAAB590B2}.Debug|x86.Build.0 = Debug|Win32
		{3A8379FD-FF9F-4919-AC11-091FAAB590B2}.Release|x64.ActiveCfg = Release|x64
		{3A8379FD-FF9F-4919-AC11-091FAAB590B2}.Release|x64.Build.0 = Release|x64
		{3A8379FD-FF9F-4919-AC11-091FAAB590B2}.Release|x86.ActiveCfg = Release|Win32
		{3A8379FD-FF9F-4919-AC11-091FAAB590B2}.Release|x86.Build.0 = Release|Win32
		{F441C0A7-ED10-405D-8893-63914CB6B848}.Debug|x64.ActiveCfg = Debug|x64
		{F441C0A7-ED10-405D-8893-63914CB6B848}.Debug|x64.Build.0 = Debug|x64
		{F441C0A7-ED10-405D-8893-63914CB6B848}.Debug|x86.ActiveCfg = Debug|Win32
		{F441C0A7-ED10-405D-8893-63914CB6B848}.Debug|x86.Build.0 = Debug|Win32
		{F441C0A7-ED10-405D-8893-63914CB6B848}.Release|x64.ActiveCfg = Release|x64
		{F441C0A7-ED10-405D-8893-63914CB6B848}.Release|x64.Build.0 = Release|x64
		{F441C0A7-ED10-405D-8893-63914CB6B848}.Release|x86.ActiveCfg = Release|Win32
		{F441C0A7-ED10-405D-8893-63914CB6B848}.Release|x86.Build.0 = Release|Win32
		{2CDD31D7-8CA7-4E37-B9AC-820DE5A51F20}.Debug|x64.ActiveCfg = Debug|x64
		{2CDD31D7-8CA7-4E37-B9AC-820DE5A51F20}.Debug|x64.Build.0 = Debug|x64
		{2CDD31D7-8CA7-4E37-B9AC-820DE5A51F20}.Debug|x86.ActiveCfg = Debug|Win32
		{2CDD31D7-8CA7-4E37-B9AC-820DE5A51F20}.Debug|x86.Build.0 = Debug|Win32
		{2CDD31D7-8CA7-4E37-B9AC-820DE5A51F20}.Release|x64.ActiveCfg = Release|x64
		{2CDD31D7-8CA7-4E37-B9AC-820DE5A51F20}.Release|x64.Build.0 = Release|x64
		{2CDD31D7-8CA7-4E37-B9AC-820DE5A51F20}.Release|x86.ActiveCfg = Release|Win32
		{2CDD31D7-8CA7-4E37-B9AC-820DE5A51F20}.Release|x86.Build.0 = Release|Win32
		{EBEB0F03-BBFA-4131-92FB-6544125FC21A}.Debug|x64.ActiveCfg = Debug|x64
		{EBEB0F03-BBFA-4131-92FB-6544125FC21A}.Debug|x64.Build.0 = Debug|x64
		{EBEB0F03-BBFA-4131-92FB-6544125FC21A}.Debug|x86.ActiveCfg = Debug|Win32
		{EBEB0F03-BBFA-4131-92FB-6544125FC21A}.Debug|x86.Build.0 = Debug|Win32
		{EBEB0F03-BBFA-4131-92FB-6544125FC21A}.Release|x64.ActiveCfg = Release|x64
		{EBEB0F03-BBFA-4131-92FB-6544125FC21A}.Release|x64.Build.0 = Release|x64
		{EBEB0F03-BBFA-4131-92FB-6544125FC21A}.Release|x86.ActiveCfg = Release|Win32
		{EBEB0F03-BBFA-4131-92FB-6544125FC21A}.Release|x86.Build.0 = Release|Win32
		{FAE5F5EA-E8EE-49F9-A8E1-D82CE5EA4D9F}.Debug|x64.ActiveCfg = Debug|x64
		{FAE5F5EA-E8EE-49F9-A8E1-D82CE5EA4D9F}.Debug|x64.Build.0 = Debug|x64
		{FAE5F5EA-E8EE-49F9-A8E1-D82CE5EA4D9F}.Debug|x86.ActiveCfg = Debug|Win32
		{FAE5F5EA-E8EE-49F9-A8E1-D82CE5EA4D9F}.Debug|x86.Build.0 = Debug|Win32
		{FAE5F5EA-E8EE-49F9-A8E1-D82CE5EA4D9F}.Release|x64.ActiveCfg = Release|x64
		{FAE5F5EA-E8EE-49F9-A8E1-D82CE5EA4D9F}.Release|x64.Build.0 = Release|x64
		{FAE5F5EA-E8EE-49F9-A8E1-D82CE5EA4D9F}.Release|x86.ActiveCfg = Release|Win32
		{FAE5F5EA-E8EE-49F9-A8E1-D82CE5EA4D9F}.Release|x86.Build.0 = Release|Win32
		{DF322CE3-B91F-4A1E-9F21-2FAC4FDB68B0}.Debug|x64.ActiveCfg = Debug|x64
		{DF322CE3-B91F-4A1E-9F21-2FAC4FDB68B0}.Debug|x64.Build.0 = Debug|x64
		{DF322CE3-B91F-4A1E-9F21-2FAC4FDB68B0}.Debug|x86.ActiveCfg = Debug|Win32
		{DF322CE3-B91F-4A1E-9F21-2FAC4FDB68B0}.Debug|x86.Build.0 = Debug|Win32
		{DF322CE3-B91F-4A1E-9F21-2FAC4FDB68B0}.Release|x64.ActiveCfg = Release|x64
		{DF322CE3-B91F-4A1E-9F21-2FAC4FDB68B0}.Release|x64.Build.0 = Release|x64
		{DF322CE3-B91F-4A1E-9F21-2FAC4FDB68B0}.Release|x86.ActiveCfg = Release|Win32
		{DF322CE3-B91F-4A1E-9F21-2FAC4FDB68B0}.Release|x86.Build.0 = Release|Win32
		{9F7B1565-D418-4A15-8B1C-F021EE84B727}.Debug|x64.ActiveCfg = Debug|x64
		{9F7B1565-D418-4A15-8B1C-F021EE84B727}.Debug|x64.Build.0 = Debug|x64
		{9F7B1565-D418-4A15-8B1C-F021EE84B727}.Debug|x86.ActiveCfg = Debug|Win32
		{9F7B1565-D418-4A15-8B1C-F021EE84B727}.Debug|x86.Build.0 = Debug|Win32
		{9F7B1565-D418-4A15-8B1C-F021EE84B727}.Release|x64.ActiveCfg = Release|x64
		{9F7B1565-D418-4A15-8B1C-F021EE84B727}.Release|x64.Build.0 = Release|x64
		{9F7B1565-D418-4A15-8B1C-F021EE84B727}.Release|x86.ActiveCfg = Release|Win32
		{9F7B1565-D418-4A15-8B1C-F021EE84B727}.Release|x86.Build.0 = Release|Win32
	EndGlobalSection
	GlobalSection(SolutionProperties) = preSolution
		HideSolutionNode = FALSE
	EndGlobalSection
	GlobalSection(ExtensibilityGlobals) = postSolution
		SolutionGuid = {2807DBED-1F16-4778-ACC8-F3ABB7DDCEE6}
	EndGlobalSection
EndGlobal
